<?xml version="1.0" encoding="utf-8"?>
<Project ToolsVersion="4.0" xmlns="http://schemas.microsoft.com/developer/msbuild/2003">
  <ItemGroup>
    <Filter Include="Source Files">
      <UniqueIdentifier>{4FC737F1-C7A5-4376-A066-2A32D752A2FF}</UniqueIdentifier>
      <Extensions>qml;cpp;c;cc;cxx;def;odl;idl;hpj;bat;asm;asmx</Extensions>
    </Filter>
    <Filter Include="Header Files">
      <UniqueIdentifier>{93995380-89BD-4b04-88EB-625FBE52EBFB}</UniqueIdentifier>
      <Extensions>h;hh;hpp;hxx;hm;inl;inc;xsd</Extensions>
    </Filter>
    <Filter Include="Resource Files">
      <UniqueIdentifier>{67DA6AB6-F800-4c08-8B7A-83BB121AAD01}</UniqueIdentifier>
      <Extensions>qrc;rc;ico;cur;bmp;dlg;rc2;rct;bin;rgs;gif;jpg;jpeg;jpe;resx;tiff;tif;png;wav;mfcribbon-ms</Extensions>
    </Filter>
    <Filter Include="Form Files">
      <UniqueIdentifier>{99349809-55BA-4b9d-BF79-8FDBB0286EB3}</UniqueIdentifier>
      <Extensions>ui</Extensions>
    </Filter>
    <Filter Include="Translation Files">
      <UniqueIdentifier>{639EADAA-A684-42e4-A9AD-28FC9BCB8F7C}</UniqueIdentifier>
      <Extensions>ts</Extensions>
    </Filter>
  </ItemGroup>
  <ItemGroup>
    <QtRcc Include="PredatorPreyGame.qrc">
      <Filter>Resource Files</Filter>
    </QtRcc>
  </ItemGroup>
  <ItemGroup>
    <QtMoc Include="src\game\PredatorPreyGame.h">
      <Filter>Header Files</Filter>
    </QtMoc>
    <QtMoc Include="src\game\field\field_sprite_vector\field_sprite\FieldSprite.h">
      <Filter>Header Files</Filter>
    </QtMoc>
    <QtMoc Include="src\widgets\splash_screen\SplashScreen.h">
      <Filter>Header Files</Filter>
    </QtMoc>
    <QtMoc Include="src\widgets\menu\Menu.h">
      <Filter>Header Files</Filter>
    </QtMoc>
    <QtMoc Include="src\game\field\field_sprite_vector\FieldSpriteVector.h">
      <Filter>Header Files</Filter>
    </QtMoc>
    <QtMoc Include="src\game\field\Field.h">
      <Filter>Header Files</Filter>
    </QtMoc>
    <QtMoc Include="src\widgets\control\ControlBtns.h">
      <Filter>Header Files</Filter>
    </QtMoc>
    <QtMoc Include="src\game\field\actors\ActorsInterface.h">
      <Filter>Header Files</Filter>
    </QtMoc>
    <QtMoc Include="src\widgets\settings_widget\SettingsWidget.h">
      <Filter>Header Files</Filter>
    </QtMoc>
  </ItemGroup>
  <ItemGroup>
    <None Include="resources\styles\styles.qss">
      <Filter>Resource Files</Filter>
    </None>
  </ItemGroup>
  <ItemGroup>
    <ClCompile Include="src\game\PredatorPreyGame.cpp">
      <Filter>Source Files</Filter>
    </ClCompile>
    <ClCompile Include="src\main.cpp">
      <Filter>Source Files</Filter>
    </ClCompile>
    <ClCompile Include="src\game\field\field_sprite_vector\field_sprite\FieldSprite.cpp">
      <Filter>Source Files</Filter>
    </ClCompile>
    <ClCompile Include="src\widgets\splash_screen\SplashScreen.cpp">
      <Filter>Source Files</Filter>
    </ClCompile>
    <ClCompile Include="src\position\Position.cpp">
      <Filter>Source Files</Filter>
    </ClCompile>
    <ClCompile Include="src\position\point2D\Point2D.cpp">
      <Filter>Source Files</Filter>
    </ClCompile>
    <ClCompile Include="src\widgets\menu\Menu.cpp">
      <Filter>Source Files</Filter>
    </ClCompile>
    <ClCompile Include="src\game\field\field_sprite_vector\FieldSpriteVector.cpp">
      <Filter>Source Files</Filter>
    </ClCompile>
    <ClCompile Include="src\game\field\actors\ActorsInterface.cpp">
      <Filter>Source Files</Filter>
    </ClCompile>
    <ClCompile Include="src\game\field\position_matrix\PositionMatrix.cpp">
      <Filter>Source Files</Filter>
    </ClCompile>
    <ClCompile Include="src\game\field\Field.cpp">
      <Filter>Source Files</Filter>
    </ClCompile>
    <ClCompile Include="src\widgets\control\ControlBtns.cpp">
      <Filter>Source Files</Filter>
    </ClCompile>
    <ClCompile Include="src\game\field\enums\enums.cpp">
      <Filter>Source Files</Filter>
    </ClCompile>
    <ClCompile Include="src\game\field\actors\predator\Predator.cpp">
      <Filter>Source Files</Filter>
    </ClCompile>
    <ClCompile Include="src\game\field\game_settings\GameSettings.cpp">
      <Filter>Source Files</Filter>
    </ClCompile>
    <ClCompile Include="src\game\field\actors\prey\Prey.cpp">
      <Filter>Source Files</Filter>
    </ClCompile>
    <ClCompile Include="src\game\field\actors\zombie\Zombie.cpp">
      <Filter>Source Files</Filter>
    </ClCompile>
    <ClCompile Include="src\widgets\settings_widget\SettingsWidget.cpp">
      <Filter>Source Files</Filter>
    </ClCompile>
    <ClCompile Include="src\game\field\actors\A_algorithm_class\AAlgorithm.cpp">
      <Filter>Source Files</Filter>
    </ClCompile>
  </ItemGroup>
  <ItemGroup>
    <QtUic Include="src\game\PredatorPreyGame.ui">
      <Filter>Form Files</Filter>
    </QtUic>
    <QtUic Include="src\game\field\field_sprite_vector\field_sprite\FieldSprite.ui">
      <Filter>Form Files</Filter>
    </QtUic>
    <QtUic Include="src\widgets\menu\Menu.ui">
      <Filter>Form Files</Filter>
    </QtUic>
    <QtUic Include="src\game\field\field_sprite_vector\FieldSpriteVector.ui">
      <Filter>Form Files</Filter>
    </QtUic>
    <QtUic Include="src\game\field\Field.ui">
      <Filter>Form Files</Filter>
    </QtUic>
    <QtUic Include="src\widgets\control\ControlBtns.ui">
      <Filter>Form Files</Filter>
    </QtUic>
    <QtUic Include="src\widgets\settings_widget\SettingsWidget.ui">
      <Filter>Form Files</Filter>
    </QtUic>
  </ItemGroup>
  <ItemGroup>
    <ClInclude Include="src\position\Position.h">
      <Filter>Header Files</Filter>
    </ClInclude>
    <ClInclude Include="src\position\point2D\Point2D.h">
      <Filter>Header Files</Filter>
    </ClInclude>
    <ClInclude Include="src\game\field\position_matrix\PositionMatrix.h">
      <Filter>Header Files</Filter>
    </ClInclude>
    <ClInclude Include="src\game\field\enums\enums.h">
      <Filter>Header Files</Filter>
    </ClInclude>
    <ClInclude Include="src\game\field\game_settings\GameSettings.h">
      <Filter>Header Files</Filter>
    </ClInclude>
    <ClInclude Include="src\game\field\actors\predator\Predator.h">
      <Filter>Header Files</Filter>
    </ClInclude>
    <ClInclude Include="src\game\field\actors\prey\Prey.h">
      <Filter>Header Files</Filter>
    </ClInclude>
    <ClInclude Include="src\game\field\actors\zombie\Zombie.h">
      <Filter>Header Files</Filter>
    </ClInclude>
    <ClInclude Include="src\game\field\actors\A_algorithm_class\AAlgorithm.h">
      <Filter>Header Files</Filter>
    </ClInclude>
  </ItemGroup>
</Project>